
Microsoft Visual Studio Solution File, Format Version 12.00
# Visual Studio Version 17
VisualStudioVersion = 17.4.33213.308
MinimumVisualStudioVersion = 10.0.40219.1
Project("{FAE04EC0-301F-11D3-BF4B-00C04F79EFBC}") = "PilotTasksUpwork", "PilotTasksUpwork\PilotTasksUpwork.csproj", "{0CAE5E01-2875-43E2-98EB-0BC63A0923DC}"
EndProject
Project("{FAE04EC0-301F-11D3-BF4B-00C04F79EFBC}") = "PilotTasksUpworkService", "PilotTasksUpworkService\PilotTasksUpworkService.csproj", "{7E71BF73-ABA3-41F8-ABDA-DEFFF6BF69F5}"
EndProject
Global
	GlobalSection(SolutionConfigurationPlatforms) = preSolution
		Debug|Any CPU = Debug|Any CPU
		Release|Any CPU = Release|Any CPU
	EndGlobalSection
	GlobalSection(ProjectConfigurationPlatforms) = postSolution
		{0CAE5E01-2875-43E2-98EB-0BC63A0923DC}.Debug|Any CPU.ActiveCfg = Debug|Any CPU
		{0CAE5E01-2875-43E2-98EB-0BC63A0923DC}.Debug|Any CPU.Build.0 = Debug|Any CPU
		{0CAE5E01-2875-43E2-98EB-0BC63A0923DC}.Release|Any CPU.ActiveCfg = Release|Any CPU
		{0CAE5E01-2875-43E2-98EB-0BC63A0923DC}.Release|Any CPU.Build.0 = Release|Any CPU
		{7E71BF73-ABA3-41F8-ABDA-DEFFF6BF69F5}.Debug|Any CPU.ActiveCfg = Debug|Any CPU
		{7E71BF73-ABA3-41F8-ABDA-DEFFF6BF69F5}.Debug|Any CPU.Build.0 = Debug|Any CPU
		{7E71BF73-ABA3-41F8-ABDA-DEFFF6BF69F5}.Release|Any CPU.ActiveCfg = Release|Any CPU
		{7E71BF73-ABA3-41F8-ABDA-DEFFF6BF69F5}.Release|Any CPU.Build.0 = Release|Any CPU
	EndGlobalSection
	GlobalSection(SolutionProperties) = preSolution
		HideSolutionNode = FALSE
	EndGlobalSection
	GlobalSection(ExtensibilityGlobals) = postSolution
		SolutionGuid = {BD29E8E9-408A-48BC-8E59-0159DA66AAA4}
	EndGlobalSection
EndGlobal
